
Microsoft Visual Studio Solution File, Format Version 12.00
# Visual Studio Version 17
VisualStudioVersion = 17.8.34601.278
MinimumVisualStudioVersion = 10.0.40219.1
Project("{FAE04EC0-301F-11D3-BF4B-00C04F79EFBC}") = "Entitites", "Entitites\Entitites.csproj", "{DFECF370-1DC8-4641-82FD-24F14A11F53B}"
EndProject
Project("{FAE04EC0-301F-11D3-BF4B-00C04F79EFBC}") = "DataAccess", "DataAccess\DataAccess.csproj", "{3E18C10F-90FE-40C1-A981-115E3A12B4EF}"
EndProject
Project("{FAE04EC0-301F-11D3-BF4B-00C04F79EFBC}") = "Core", "Core\Core.csproj", "{68F2C2CE-9FDF-4CA4-A740-A91294E0B5E9}"
EndProject
Project("{FAE04EC0-301F-11D3-BF4B-00C04F79EFBC}") = "Business", "Business\Business.csproj", "{97BCF88C-8152-4F89-B856-84208899C89E}"
EndProject
Project("{FAE04EC0-301F-11D3-BF4B-00C04F79EFBC}") = "WebAPI", "WebAPI\WebAPI.csproj", "{7C42B42C-4704-4434-8374-09479AF95303}"
EndProject
Global
	GlobalSection(SolutionConfigurationPlatforms) = preSolution
		Debug|Any CPU = Debug|Any CPU
		Release|Any CPU = Release|Any CPU
	EndGlobalSection
	GlobalSection(ProjectConfigurationPlatforms) = postSolution
		{DFECF370-1DC8-4641-82FD-24F14A11F53B}.Debug|Any CPU.ActiveCfg = Debug|Any CPU
		{DFECF370-1DC8-4641-82FD-24F14A11F53B}.Debug|Any CPU.Build.0 = Debug|Any CPU
		{DFECF370-1DC8-4641-82FD-24F14A11F53B}.Release|Any CPU.ActiveCfg = Release|Any CPU
		{DFECF370-1DC8-4641-82FD-24F14A11F53B}.Release|Any CPU.Build.0 = Release|Any CPU
		{3E18C10F-90FE-40C1-A981-115E3A12B4EF}.Debug|Any CPU.ActiveCfg = Debug|Any CPU
		{3E18C10F-90FE-40C1-A981-115E3A12B4EF}.Debug|Any CPU.Build.0 = Debug|Any CPU
		{3E18C10F-90FE-40C1-A981-115E3A12B4EF}.Release|Any CPU.ActiveCfg = Release|Any CPU
		{3E18C10F-90FE-40C1-A981-115E3A12B4EF}.Release|Any CPU.Build.0 = Release|Any CPU
		{68F2C2CE-9FDF-4CA4-A740-A91294E0B5E9}.Debug|Any CPU.ActiveCfg = Debug|Any CPU
		{68F2C2CE-9FDF-4CA4-A740-A91294E0B5E9}.Debug|Any CPU.Build.0 = Debug|Any CPU
		{68F2C2CE-9FDF-4CA4-A740-A91294E0B5E9}.Release|Any CPU.ActiveCfg = Release|Any CPU
		{68F2C2CE-9FDF-4CA4-A740-A91294E0B5E9}.Release|Any CPU.Build.0 = Release|Any CPU
		{97BCF88C-8152-4F89-B856-84208899C89E}.Debug|Any CPU.ActiveCfg = Debug|Any CPU
		{97BCF88C-8152-4F89-B856-84208899C89E}.Debug|Any CPU.Build.0 = Debug|Any CPU
		{97BCF88C-8152-4F89-B856-84208899C89E}.Release|Any CPU.ActiveCfg = Release|Any CPU
		{97BCF88C-8152-4F89-B856-84208899C89E}.Release|Any CPU.Build.0 = Release|Any CPU
		{7C42B42C-4704-4434-8374-09479AF95303}.Debug|Any CPU.ActiveCfg = Debug|Any CPU
		{7C42B42C-4704-4434-8374-09479AF95303}.Debug|Any CPU.Build.0 = Debug|Any CPU
		{7C42B42C-4704-4434-8374-09479AF95303}.Release|Any CPU.ActiveCfg = Release|Any CPU
		{7C42B42C-4704-4434-8374-09479AF95303}.Release|Any CPU.Build.0 = Release|Any CPU
	EndGlobalSection
	GlobalSection(SolutionProperties) = preSolution
		HideSolutionNode = FALSE
	EndGlobalSection
	GlobalSection(ExtensibilityGlobals) = postSolution
		SolutionGuid = {903A971F-C654-4AD7-BB97-49CF8E648527}
	EndGlobalSection
EndGlobal
